
Microsoft Visual Studio Solution File, Format Version 12.00
# Visual Studio Version 16
VisualStudioVersion = 16.0.31729.503
MinimumVisualStudioVersion = 10.0.40219.1
Project("{FAE04EC0-301F-11D3-BF4B-00C04F79EFBC}") = "sms-portal-gwp", "sms-portal-gwp.csproj", "{9A671D30-95E3-4130-9A62-633ED9456513}"
EndProject
Global
	GlobalSection(SolutionConfigurationPlatforms) = preSolution
		Debug|Any CPU = Debug|Any CPU
		Release|Any CPU = Release|Any CPU
	EndGlobalSection
	GlobalSection(ProjectConfigurationPlatforms) = postSolution
		{9A671D30-95E3-4130-9A62-633ED9456513}.Debug|Any CPU.ActiveCfg = Debug|Any CPU
		{9A671D30-95E3-4130-9A62-633ED9456513}.Debug|Any CPU.Build.0 = Debug|Any CPU
		{9A671D30-95E3-4130-9A62-633ED9456513}.Release|Any CPU.ActiveCfg = Release|Any CPU
		{9A671D30-95E3-4130-9A62-633ED9456513}.Release|Any CPU.Build.0 = Release|Any CPU
	EndGlobalSection
	GlobalSection(SolutionProperties) = preSolution
		HideSolutionNode = FALSE
	EndGlobalSection
	GlobalSection(ExtensibilityGlobals) = postSolution
		SolutionGuid = {2927802E-2DD3-401E-8B5C-7963F5C04B32}
	EndGlobalSection
EndGlobal
